# This file is automatically @generated by Cargo.
# It is not intended for manual editing.
version = 4

[[package]]
name = "formatx"
version = "0.2.4"
source = "registry+https://github.com/rust-lang/crates.io-index"
checksum = "d8866fac38f53fc87fa3ae1b09ddd723e0482f8fa74323518b4c59df2c55a00a"

[[package]]
name = "rbx_project"
version = "0.1.0"
dependencies = [
 "formatx",
]
